// !$*UTF8*$!
{
	archiveVersion = 1;
	classes = {
	};
	objectVersion = 55;
	objects = {

/* Begin PBXBuildFile section */
		7119CA3428ED1CB200522684 /* BleView.swift in Sources */ = {isa = PBXBuildFile; fileRef = 7119CA3328ED1CB200522684 /* BleView.swift */; };
		71EC525F28E3E6970099F0C8 /* lab4App.swift in Sources */ = {isa = PBXBuildFile; fileRef = 71EC525E28E3E6970099F0C8 /* lab4App.swift */; };
		71EC526128E3E6970099F0C8 /* ContentView.swift in Sources */ = {isa = PBXBuildFile; fileRef = 71EC526028E3E6970099F0C8 /* ContentView.swift */; };
		71EC526328E3E6980099F0C8 /* Assets.xcassets in Resources */ = {isa = PBXBuildFile; fileRef = 71EC526228E3E6980099F0C8 /* Assets.xcassets */; };
		71EC526628E3E6980099F0C8 /* Preview Assets.xcassets in Resources */ = {isa = PBXBuildFile; fileRef = 71EC526528E3E6980099F0C8 /* Preview Assets.xcassets */; };
		71EC527028E3E6980099F0C8 /* lab4Tests.swift in Sources */ = {isa = PBXBuildFile; fileRef = 71EC526F28E3E6980099F0C8 /* lab4Tests.swift */; };
		71EC527A28E3E6980099F0C8 /* lab4UITests.swift in Sources */ = {isa = PBXBuildFile; fileRef = 71EC527928E3E6980099F0C8 /* lab4UITests.swift */; };
		71EC527C28E3E6980099F0C8 /* lab4UITestsLaunchTests.swift in Sources */ = {isa = PBXBuildFile; fileRef = 71EC527B28E3E6980099F0C8 /* lab4UITestsLaunchTests.swift */; };
		71EC528928E3E6CB0099F0C8 /* BeaconView.swift in Sources */ = {isa = PBXBuildFile; fileRef = 71EC528828E3E6CB0099F0C8 /* BeaconView.swift */; };
/* End PBXBuildFile section */

/* Begin PBXContainerItemProxy section */
		71EC526C28E3E6980099F0C8 /* PBXContainerItemProxy */ = {
			isa = PBXContainerItemProxy;
			containerPortal = 71EC525328E3E6970099F0C8 /* Project object */;
			proxyType = 1;
			remoteGlobalIDString = 71EC525A28E3E6970099F0C8;
			remoteInfo = lab4;
		};
		71EC527628E3E6980099F0C8 /* PBXContainerItemProxy */ = {
			isa = PBXContainerItemProxy;
			containerPortal = 71EC525328E3E6970099F0C8 /* Project object */;
			proxyType = 1;
			remoteGlobalIDString = 71EC525A28E3E6970099F0C8;
			remoteInfo = lab4;
		};
/* End PBXContainerItemProxy section */

/* Begin PBXFileReference section */
		7119CA3328ED1CB200522684 /* BleView.swift */ = {isa = PBXFileReference; lastKnownFileType = sourcecode.swift; path = BleView.swift; sourceTree = "<group>"; };
		71EC525B28E3E6970099F0C8 /* lab4.app */ = {isa = PBXFileReference; explicitFileType = wrapper.application; includeInIndex = 0; path = lab4.app; sourceTree = BUILT_PRODUCTS_DIR; };
		71EC525E28E3E6970099F0C8 /* lab4App.swift */ = {isa = PBXFileReference; lastKnownFileType = sourcecode.swift; path = lab4App.swift; sourceTree = "<group>"; };
		71EC526028E3E6970099F0C8 /* ContentView.swift */ = {isa = PBXFileReference; lastKnownFileType = sourcecode.swift; path = ContentView.swift; sourceTree = "<group>"; };
		71EC526228E3E6980099F0C8 /* Assets.xcassets */ = {isa = PBXFileReference; lastKnownFileType = folder.assetcatalog; path = Assets.xcassets; sourceTree = "<group>"; };
		71EC526528E3E6980099F0C8 /* Preview Assets.xcassets */ = {isa = PBXFileReference; lastKnownFileType = folder.assetcatalog; path = "Preview Assets.xcassets"; sourceTree = "<group>"; };
		71EC526B28E3E6980099F0C8 /* lab4Tests.xctest */ = {isa = PBXFileReference; explicitFileType = wrapper.cfbundle; includeInIndex = 0; path = lab4Tests.xctest; sourceTree = BUILT_PRODUCTS_DIR; };
		71EC526F28E3E6980099F0C8 /* lab4Tests.swift */ = {isa = PBXFileReference; lastKnownFileType = sourcecode.swift; path = lab4Tests.swift; sourceTree = "<group>"; };
		71EC527528E3E6980099F0C8 /* lab4UITests.xctest */ = {isa = PBXFileReference; explicitFileType = wrapper.cfbundle; includeInIndex = 0; path = lab4UITests.xctest; sourceTree = BUILT_PRODUCTS_DIR; };
		71EC527928E3E6980099F0C8 /* lab4UITests.swift */ = {isa = PBXFileReference; lastKnownFileType = sourcecode.swift; path = lab4UITests.swift; sourceTree = "<group>"; };
		71EC527B28E3E6980099F0C8 /* lab4UITestsLaunchTests.swift */ = {isa = PBXFileReference; lastKnownFileType = sourcecode.swift; path = lab4UITestsLaunchTests.swift; sourceTree = "<group>"; };
		71EC528828E3E6CB0099F0C8 /* BeaconView.swift */ = {isa = PBXFileReference; lastKnownFileType = sourcecode.swift; path = BeaconView.swift; sourceTree = "<group>"; };
/* End PBXFileReference section */

/* Begin PBXFrameworksBuildPhase section */
		71EC525828E3E6970099F0C8 /* Frameworks */ = {
			isa = PBXFrameworksBuildPhase;
			buildActionMask = 2147483647;
			files = (
			);
			runOnlyForDeploymentPostprocessing = 0;
		};
		71EC526828E3E6980099F0C8 /* Frameworks */ = {
			isa = PBXFrameworksBuildPhase;
			buildActionMask = 2147483647;
			files = (
			);
			runOnlyForDeploymentPostprocessing = 0;
		};
		71EC527228E3E6980099F0C8 /* Frameworks */ = {
			isa = PBXFrameworksBuildPhase;
			buildActionMask = 2147483647;
			files = (
			);
			runOnlyForDeploymentPostprocessing = 0;
		};
/* End PBXFrameworksBuildPhase section */

/* Begin PBXGroup section */
		71EC525228E3E6970099F0C8 = {
			isa = PBXGroup;
			children = (
				71EC525D28E3E6970099F0C8 /* lab4 */,
				71EC526E28E3E6980099F0C8 /* lab4Tests */,
				71EC527828E3E6980099F0C8 /* lab4UITests */,
				71EC525C28E3E6970099F0C8 /* Products */,
			);
			sourceTree = "<group>";
		};
		71EC525C28E3E6970099F0C8 /* Products */ = {
			isa = PBXGroup;
			children = (
				71EC525B28E3E6970099F0C8 /* lab4.app */,
				71EC526B28E3E6980099F0C8 /* lab4Tests.xctest */,
				71EC527528E3E6980099F0C8 /* lab4UITests.xctest */,
			);
			name = Products;
			sourceTree = "<group>";
		};
		71EC525D28E3E6970099F0C8 /* lab4 */ = {
			isa = PBXGroup;
			children = (
				71EC525E28E3E6970099F0C8 /* lab4App.swift */,
				71EC526028E3E6970099F0C8 /* ContentView.swift */,
				71EC526228E3E6980099F0C8 /* Assets.xcassets */,
				71EC526428E3E6980099F0C8 /* Preview Content */,
				71EC528828E3E6CB0099F0C8 /* BeaconView.swift */,
				7119CA3328ED1CB200522684 /* BleView.swift */,
			);
			path = lab4;
			sourceTree = "<group>";
		};
		71EC526428E3E6980099F0C8 /* Preview Content */ = {
			isa = PBXGroup;
			children = (
				71EC526528E3E6980099F0C8 /* Preview Assets.xcassets */,
			);
			path = "Preview Content";
			sourceTree = "<group>";
		};
		71EC526E28E3E6980099F0C8 /* lab4Tests */ = {
			isa = PBXGroup;
			children = (
				71EC526F28E3E6980099F0C8 /* lab4Tests.swift */,
			);
			path = lab4Tests;
			sourceTree = "<group>";
		};
		71EC527828E3E6980099F0C8 /* lab4UITests */ = {
			isa = PBXGroup;
			children = (
				71EC527928E3E6980099F0C8 /* lab4UITests.swift */,
				71EC527B28E3E6980099F0C8 /* lab4UITestsLaunchTests.swift */,
			);
			path = lab4UITests;
			sourceTree = "<group>";
		};
/* End PBXGroup section */

/* Begin PBXNativeTarget section */
		71EC525A28E3E6970099F0C8 /* lab4 */ = {
			isa = PBXNativeTarget;
			buildConfigurationList = 71EC527F28E3E6980099F0C8 /* Build configuration list for PBXNativeTarget "lab4" */;
			buildPhases = (
				71EC525728E3E6970099F0C8 /* Sources */,
				71EC525828E3E6970099F0C8 /* Frameworks */,
				71EC525928E3E6970099F0C8 /* Resources */,
			);
			buildRules = (
			);
			dependencies = (
			);
			name = lab4;
			productName = lab4;
			productReference = 71EC525B28E3E6970099F0C8 /* lab4.app */;
			productType = "com.apple.product-type.application";
		};
		71EC526A28E3E6980099F0C8 /* lab4Tests */ = {
			isa = PBXNativeTarget;
			buildConfigurationList = 71EC528228E3E6980099F0C8 /* Build configuration list for PBXNativeTarget "lab4Tests" */;
			buildPhases = (
				71EC526728E3E6980099F0C8 /* Sources */,
				71EC526828E3E6980099F0C8 /* Frameworks */,
				71EC526928E3E6980099F0C8 /* Resources */,
			);
			buildRules = (
			);
			dependencies = (
				71EC526D28E3E6980099F0C8 /* PBXTargetDependency */,
			);
			name = lab4Tests;
			productName = lab4Tests;
			productReference = 71EC526B28E3E6980099F0C8 /* lab4Tests.xctest */;
			productType = "com.apple.product-type.bundle.unit-test";
		};
		71EC527428E3E6980099F0C8 /* lab4UITests */ = {
			isa = PBXNativeTarget;
			buildConfigurationList = 71EC528528E3E6980099F0C8 /* Build configuration list for PBXNativeTarget "lab4UITests" */;
			buildPhases = (
				71EC527128E3E6980099F0C8 /* Sources */,
				71EC527228E3E6980099F0C8 /* Frameworks */,
				71EC527328E3E6980099F0C8 /* Resources */,
			);
			buildRules = (
			);
			dependencies = (
				71EC527728E3E6980099F0C8 /* PBXTargetDependency */,
			);
			name = lab4UITests;
			productName = lab4UITests;
			productReference = 71EC527528E3E6980099F0C8 /* lab4UITests.xctest */;
			productType = "com.apple.product-type.bundle.ui-testing";
		};
/* End PBXNativeTarget section */

/* Begin PBXProject section */
		71EC525328E3E6970099F0C8 /* Project object */ = {
			isa = PBXProject;
			attributes = {
				BuildIndependentTargetsInParallel = 1;
				LastSwiftUpdateCheck = 1340;
				LastUpgradeCheck = 1340;
				TargetAttributes = {
					71EC525A28E3E6970099F0C8 = {
						CreatedOnToolsVersion = 13.4.1;
					};
					71EC526A28E3E6980099F0C8 = {
						CreatedOnToolsVersion = 13.4.1;
						TestTargetID = 71EC525A28E3E6970099F0C8;
					};
					71EC527428E3E6980099F0C8 = {
						CreatedOnToolsVersion = 13.4.1;
						TestTargetID = 71EC525A28E3E6970099F0C8;
					};
				};
			};
			buildConfigurationList = 71EC525628E3E6970099F0C8 /* Build configuration list for PBXProject "lab4" */;
			compatibilityVersion = "Xcode 13.0";
			developmentRegion = en;
			hasScannedForEncodings = 0;
			knownRegions = (
				en,
				Base,
			);
			mainGroup = 71EC525228E3E6970099F0C8;
			productRefGroup = 71EC525C28E3E6970099F0C8 /* Products */;
			projectDirPath = "";
			projectRoot = "";
			targets = (
				71EC525A28E3E6970099F0C8 /* lab4 */,
				71EC526A28E3E6980099F0C8 /* lab4Tests */,
				71EC527428E3E6980099F0C8 /* lab4UITests */,
			);
		};
/* End PBXProject section */

/* Begin PBXResourcesBuildPhase section */
		71EC525928E3E6970099F0C8 /* Resources */ = {
			isa = PBXResourcesBuildPhase;
			buildActionMask = 2147483647;
			files = (
				71EC526628E3E6980099F0C8 /* Preview Assets.xcassets in Resources */,
				71EC526328E3E6980099F0C8 /* Assets.xcassets in Resources */,
			);
			runOnlyForDeploymentPostprocessing = 0;
		};
		71EC526928E3E6980099F0C8 /* Resources */ = {
			isa = PBXResourcesBuildPhase;
			buildActionMask = 2147483647;
			files = (
			);
			runOnlyForDeploymentPostprocessing = 0;
		};
		71EC527328E3E6980099F0C8 /* Resources */ = {
			isa = PBXResourcesBuildPhase;
			buildActionMask = 2147483647;
			files = (
			);
			runOnlyForDeploymentPostprocessing = 0;
		};
/* End PBXResourcesBuildPhase section */

/* Begin PBXSourcesBuildPhase section */
		71EC525728E3E6970099F0C8 /* Sources */ = {
			isa = PBXSourcesBuildPhase;
			buildActionMask = 2147483647;
			files = (
				71EC528928E3E6CB0099F0C8 /* BeaconView.swift in Sources */,
				71EC526128E3E6970099F0C8 /* ContentView.swift in Sources */,
				7119CA3428ED1CB200522684 /* BleView.swift in Sources */,
				71EC525F28E3E6970099F0C8 /* lab4App.swift in Sources */,
			);
			runOnlyForDeploymentPostprocessing = 0;
		};
		71EC526728E3E6980099F0C8 /* Sources */ = {
			isa = PBXSourcesBuildPhase;
			buildActionMask = 2147483647;
			files = (
				71EC527028E3E6980099F0C8 /* lab4Tests.swift in Sources */,
			);
			runOnlyForDeploymentPostprocessing = 0;
		};
		71EC527128E3E6980099F0C8 /* Sources */ = {
			isa = PBXSourcesBuildPhase;
			buildActionMask = 2147483647;
			files = (
				71EC527A28E3E6980099F0C8 /* lab4UITests.swift in Sources */,
				71EC527C28E3E6980099F0C8 /* lab4UITestsLaunchTests.swift in Sources */,
			);
			runOnlyForDeploymentPostprocessing = 0;
		};
/* End PBXSourcesBuildPhase section */

/* Begin PBXTargetDependency section */
		71EC526D28E3E6980099F0C8 /* PBXTargetDependency */ = {
			isa = PBXTargetDependency;
			target = 71EC525A28E3E6970099F0C8 /* lab4 */;
			targetProxy = 71EC526C28E3E6980099F0C8 /* PBXContainerItemProxy */;
		};
		71EC527728E3E6980099F0C8 /* PBXTargetDependency */ = {
			isa = PBXTargetDependency;
			target = 71EC525A28E3E6970099F0C8 /* lab4 */;
			targetProxy = 71EC527628E3E6980099F0C8 /* PBXContainerItemProxy */;
		};
/* End PBXTargetDependency section */

/* Begin XCBuildConfiguration section */
		71EC527D28E3E6980099F0C8 /* Debug */ = {
			isa = XCBuildConfiguration;
			buildSettings = {
				ALWAYS_SEARCH_USER_PATHS = NO;
				CLANG_ANALYZER_NONNULL = YES;
				CLANG_ANALYZER_NUMBER_OBJECT_CONVERSION = YES_AGGRESSIVE;
				CLANG_CXX_LANGUAGE_STANDARD = "gnu++17";
				CLANG_ENABLE_MODULES = YES;
				CLANG_ENABLE_OBJC_ARC = YES;
				CLANG_ENABLE_OBJC_WEAK = YES;
				CLANG_WARN_BLOCK_CAPTURE_AUTORELEASING = YES;
				CLANG_WARN_BOOL_CONVERSION = YES;
				CLANG_WARN_COMMA = YES;
				CLANG_WARN_CONSTANT_CONVERSION = YES;
				CLANG_WARN_DEPRECATED_OBJC_IMPLEMENTATIONS = YES;
				CLANG_WARN_DIRECT_OBJC_ISA_USAGE = YES_ERROR;
				CLANG_WARN_DOCUMENTATION_COMMENTS = YES;
				CLANG_WARN_EMPTY_BODY = YES;
				CLANG_WARN_ENUM_CONVERSION = YES;
				CLANG_WARN_INFINITE_RECURSION = YES;
				CLANG_WARN_INT_CONVERSION = YES;
				CLANG_WARN_NON_LITERAL_NULL_CONVERSION = YES;
				CLANG_WARN_OBJC_IMPLICIT_RETAIN_SELF = YES;
				CLANG_WARN_OBJC_LITERAL_CONVERSION = YES;
				CLANG_WARN_OBJC_ROOT_CLASS = YES_ERROR;
				CLANG_WARN_QUOTED_INCLUDE_IN_FRAMEWORK_HEADER = YES;
				CLANG_WARN_RANGE_LOOP_ANALYSIS = YES;
				CLANG_WARN_STRICT_PROTOTYPES = YES;
				CLANG_WARN_SUSPICIOUS_MOVE = YES;
				CLANG_WARN_UNGUARDED_AVAILABILITY = YES_AGGRESSIVE;
				CLANG_WARN_UNREACHABLE_CODE = YES;
				CLANG_WARN__DUPLICATE_METHOD_MATCH = YES;
				COPY_PHASE_STRIP = NO;
				DEBUG_INFORMATION_FORMAT = dwarf;
				ENABLE_STRICT_OBJC_MSGSEND = YES;
				ENABLE_TESTABILITY = YES;
				GCC_C_LANGUAGE_STANDARD = gnu11;
				GCC_DYNAMIC_NO_PIC = NO;
				GCC_NO_COMMON_BLOCKS = YES;
				GCC_OPTIMIZATION_LEVEL = 0;
				GCC_PREPROCESSOR_DEFINITIONS = (
					"DEBUG=1",
					"$(inherited)",
				);
				GCC_WARN_64_TO_32_BIT_CONVERSION = YES;
				GCC_WARN_ABOUT_RETURN_TYPE = YES_ERROR;
				GCC_WARN_UNDECLARED_SELECTOR = YES;
				GCC_WARN_UNINITIALIZED_AUTOS = YES_AGGRESSIVE;
				GCC_WARN_UNUSED_FUNCTION = YES;
				GCC_WARN_UNUSED_VARIABLE = YES;
				IPHONEOS_DEPLOYMENT_TARGET = 15.5;
				MTL_ENABLE_DEBUG_INFO = INCLUDE_SOURCE;
				MTL_FAST_MATH = YES;
				ONLY_ACTIVE_ARCH = YES;
				SDKROOT = iphoneos;
				SWIFT_ACTIVE_COMPILATION_CONDITIONS = DEBUG;
				SWIFT_OPTIMIZATION_LEVEL = "-Onone";
			};
			name = Debug;
		};
		71EC527E28E3E6980099F0C8 /* Release */ = {
			isa = XCBuildConfiguration;
			buildSettings = {
				ALWAYS_SEARCH_USER_PATHS = NO;
				CLANG_ANALYZER_NONNULL = YES;
				CLANG_ANALYZER_NUMBER_OBJECT_CONVERSION = YES_AGGRESSIVE;
				CLANG_CXX_LANGUAGE_STANDARD = "gnu++17";
				CLANG_ENABLE_MODULES = YES;
				CLANG_ENABLE_OBJC_ARC = YES;
				CLANG_ENABLE_OBJC_WEAK = YES;
				CLANG_WARN_BLOCK_CAPTURE_AUTORELEASING = YES;
				CLANG_WARN_BOOL_CONVERSION = YES;
				CLANG_WARN_COMMA = YES;
				CLANG_WARN_CONSTANT_CONVERSION = YES;
				CLANG_WARN_DEPRECATED_OBJC_IMPLEMENTATIONS = YES;
				CLANG_WARN_DIRECT_OBJC_ISA_USAGE = YES_ERROR;
				CLANG_WARN_DOCUMENTATION_COMMENTS = YES;
				CLANG_WARN_EMPTY_BODY = YES;
				CLANG_WARN_ENUM_CONVERSION = YES;
				CLANG_WARN_INFINITE_RECURSION = YES;
				CLANG_WARN_INT_CONVERSION = YES;
				CLANG_WARN_NON_LITERAL_NULL_CONVERSION = YES;
				CLANG_WARN_OBJC_IMPLICIT_RETAIN_SELF = YES;
				CLANG_WARN_OBJC_LITERAL_CONVERSION = YES;
				CLANG_WARN_OBJC_ROOT_CLASS = YES_ERROR;
				CLANG_WARN_QUOTED_INCLUDE_IN_FRAMEWORK_HEADER = YES;
				CLANG_WARN_RANGE_LOOP_ANALYSIS = YES;
				CLANG_WARN_STRICT_PROTOTYPES = YES;
				CLANG_WARN_SUSPICIOUS_MOVE = YES;
				CLANG_WARN_UNGUARDED_AVAILABILITY = YES_AGGRESSIVE;
				CLANG_WARN_UNREACHABLE_CODE = YES;
				CLANG_WARN__DUPLICATE_METHOD_MATCH = YES;
				COPY_PHASE_STRIP = NO;
				DEBUG_INFORMATION_FORMAT = "dwarf-with-dsym";
				ENABLE_NS_ASSERTIONS = NO;
				ENABLE_STRICT_OBJC_MSGSEND = YES;
				GCC_C_LANGUAGE_STANDARD = gnu11;
				GCC_NO_COMMON_BLOCKS = YES;
				GCC_WARN_64_TO_32_BIT_CONVERSION = YES;
				GCC_WARN_ABOUT_RETURN_TYPE = YES_ERROR;
				GCC_WARN_UNDECLARED_SELECTOR = YES;
				GCC_WARN_UNINITIALIZED_AUTOS = YES_AGGRESSIVE;
				GCC_WARN_UNUSED_FUNCTION = YES;
				GCC_WARN_UNUSED_VARIABLE = YES;
				IPHONEOS_DEPLOYMENT_TARGET = 15.5;
				MTL_ENABLE_DEBUG_INFO = NO;
				MTL_FAST_MATH = YES;
				SDKROOT = iphoneos;
				SWIFT_COMPILATION_MODE = wholemodule;
				SWIFT_OPTIMIZATION_LEVEL = "-O";
				VALIDATE_PRODUCT = YES;
			};
			name = Release;
		};
		71EC528028E3E6980099F0C8 /* Debug */ = {
			isa = XCBuildConfiguration;
			buildSettings = {
				ASSETCATALOG_COMPILER_APPICON_NAME = AppIcon;
				ASSETCATALOG_COMPILER_GLOBAL_ACCENT_COLOR_NAME = AccentColor;
				CODE_SIGN_STYLE = Automatic;
				CURRENT_PROJECT_VERSION = 1;
				DEVELOPMENT_ASSET_PATHS = "\"lab4/Preview Content\"";
				DEVELOPMENT_TEAM = WD34QV3N9C;
				ENABLE_PREVIEWS = YES;
				GENERATE_INFOPLIST_FILE = YES;
				INFOPLIST_KEY_NSBluetoothAlwaysUsageDescription = "We need right to communicate with the heart rate monitor via bluetooth";
				INFOPLIST_KEY_NSLocationWhenInUseUsageDescription = "Your location is needed to provide ar!";
				INFOPLIST_KEY_UIApplicationSceneManifest_Generation = YES;
				INFOPLIST_KEY_UIApplicationSupportsIndirectInputEvents = YES;
				INFOPLIST_KEY_UILaunchScreen_Generation = YES;
				INFOPLIST_KEY_UISupportedInterfaceOrientations_iPad = "UIInterfaceOrientationPortrait UIInterfaceOrientationPortraitUpsideDown UIInterfaceOrientationLandscapeLeft UIInterfaceOrientationLandscapeRight";
				INFOPLIST_KEY_UISupportedInterfaceOrientations_iPhone = "UIInterfaceOrientationPortrait UIInterfaceOrientationLandscapeLeft UIInterfaceOrientationLandscapeRight";
				LD_RUNPATH_SEARCH_PATHS = (
					"$(inherited)",
					"@executable_path/Frameworks",
				);
				MARKETING_VERSION = 1.0;
				PRODUCT_BUNDLE_IDENTIFIER = "-1211043.lab4";
				PRODUCT_NAME = "$(TARGET_NAME)";
				SWIFT_EMIT_LOC_STRINGS = YES;
				SWIFT_VERSION = 5.0;
				TARGETED_DEVICE_FAMILY = "1,2";
			};
			name = Debug;
		};
		71EC528128E3E6980099F0C8 /* Release */ = {
			isa = XCBuildConfiguration;
			buildSettings = {
				ASSETCATALOG_COMPILER_APPICON_NAME = AppIcon;
				ASSETCATALOG_COMPILER_GLOBAL_ACCENT_COLOR_NAME = AccentColor;
				CODE_SIGN_STYLE = Automatic;
				CURRENT_PROJECT_VERSION = 1;
				DEVELOPMENT_ASSET_PATHS = "\"lab4/Preview Content\"";
				DEVELOPMENT_TEAM = WD34QV3N9C;
				ENABLE_PREVIEWS = YES;
				GENERATE_INFOPLIST_FILE = YES;
				INFOPLIST_KEY_NSBluetoothAlwaysUsageDescription = "We need right to communicate with the heart rate monitor via bluetooth";
				INFOPLIST_KEY_NSLocationWhenInUseUsageDescription = "Your location is needed to provide ar!";
				INFOPLIST_KEY_UIApplicationSceneManifest_Generation = YES;
				INFOPLIST_KEY_UIApplicationSupportsIndirectInputEvents = YES;
				INFOPLIST_KEY_UILaunchScreen_Generation = YES;
				INFOPLIST_KEY_UISupportedInterfaceOrientations_iPad = "UIInterfaceOrientationPortrait UIInterfaceOrientationPortraitUpsideDown UIInterfaceOrientationLandscapeLeft UIInterfaceOrientationLandscapeRight";
				INFOPLIST_KEY_UISupportedInterfaceOrientations_iPhone = "UIInterfaceOrientationPortrait UIInterfaceOrientationLandscapeLeft UIInterfaceOrientationLandscapeRight";
				LD_RUNPATH_SEARCH_PATHS = (
					"$(inherited)",
					"@executable_path/Frameworks",
				);
				MARKETING_VERSION = 1.0;
				PRODUCT_BUNDLE_IDENTIFIER = "-1211043.lab4";
				PRODUCT_NAME = "$(TARGET_NAME)";
				SWIFT_EMIT_LOC_STRINGS = YES;
				SWIFT_VERSION = 5.0;
				TARGETED_DEVICE_FAMILY = "1,2";
			};
			name = Release;
		};
		71EC528328E3E6980099F0C8 /* Debug */ = {
			isa = XCBuildConfiguration;
			buildSettings = {
				ALWAYS_EMBED_SWIFT_STANDARD_LIBRARIES = YES;
				BUNDLE_LOADER = "$(TEST_HOST)";
				CODE_SIGN_STYLE = Automatic;
				CURRENT_PROJECT_VERSION = 1;
				GENERATE_INFOPLIST_FILE = YES;
				IPHONEOS_DEPLOYMENT_TARGET = 15.5;
				MARKETING_VERSION = 1.0;
				PRODUCT_BUNDLE_IDENTIFIER = "-1211043.lab4Tests";
				PRODUCT_NAME = "$(TARGET_NAME)";
				SWIFT_EMIT_LOC_STRINGS = NO;
				SWIFT_VERSION = 5.0;
				TARGETED_DEVICE_FAMILY = "1,2";
				TEST_HOST = "$(BUILT_PRODUCTS_DIR)/lab4.app/lab4";
			};
			name = Debug;
		};
		71EC528428E3E6980099F0C8 /* Release */ = {
			isa = XCBuildConfiguration;
			buildSettings = {
				ALWAYS_EMBED_SWIFT_STANDARD_LIBRARIES = YES;
				BUNDLE_LOADER = "$(TEST_HOST)";
				CODE_SIGN_STYLE = Automatic;
				CURRENT_PROJECT_VERSION = 1;
				GENERATE_INFOPLIST_FILE = YES;
				IPHONEOS_DEPLOYMENT_TARGET = 15.5;
				MARKETING_VERSION = 1.0;
				PRODUCT_BUNDLE_IDENTIFIER = "-1211043.lab4Tests";
				PRODUCT_NAME = "$(TARGET_NAME)";
				SWIFT_EMIT_LOC_STRINGS = NO;
				SWIFT_VERSION = 5.0;
				TARGETED_DEVICE_FAMILY = "1,2";
				TEST_HOST = "$(BUILT_PRODUCTS_DIR)/lab4.app/lab4";
			};
			name = Release;
		};
		71EC528628E3E6980099F0C8 /* Debug */ = {
			isa = XCBuildConfiguration;
			buildSettings = {
				ALWAYS_EMBED_SWIFT_STANDARD_LIBRARIES = YES;
				CODE_SIGN_STYLE = Automatic;
				CURRENT_PROJECT_VERSION = 1;
				GENERATE_INFOPLIST_FILE = YES;
				MARKETING_VERSION = 1.0;
				PRODUCT_BUNDLE_IDENTIFIER = "-1211043.lab4UITests";
				PRODUCT_NAME = "$(TARGET_NAME)";
				SWIFT_EMIT_LOC_STRINGS = NO;
				SWIFT_VERSION = 5.0;
				TARGETED_DEVICE_FAMILY = "1,2";
				TEST_TARGET_NAME = lab4;
			};
			name = Debug;
		};
		71EC528728E3E6980099F0C8 /* Release */ = {
			isa = XCBuildConfiguration;
			buildSettings = {
				ALWAYS_EMBED_SWIFT_STANDARD_LIBRARIES = YES;
				CODE_SIGN_STYLE = Automatic;
				CURRENT_PROJECT_VERSION = 1;
				GENERATE_INFOPLIST_FILE = YES;
				MARKETING_VERSION = 1.0;
				PRODUCT_BUNDLE_IDENTIFIER = "-1211043.lab4UITests";
				PRODUCT_NAME = "$(TARGET_NAME)";
				SWIFT_EMIT_LOC_STRINGS = NO;
				SWIFT_VERSION = 5.0;
				TARGETED_DEVICE_FAMILY = "1,2";
				TEST_TARGET_NAME = lab4;
			};
			name = Release;
		};
/* End XCBuildConfiguration section */

/* Begin XCConfigurationList section */
		71EC525628E3E6970099F0C8 /* Build configuration list for PBXProject "lab4" */ = {
			isa = XCConfigurationList;
			buildConfigurations = (
				71EC527D28E3E6980099F0C8 /* Debug */,
				71EC527E28E3E6980099F0C8 /* Release */,
			);
			defaultConfigurationIsVisible = 0;
			defaultConfigurationName = Release;
		};
		71EC527F28E3E6980099F0C8 /* Build configuration list for PBXNativeTarget "lab4" */ = {
			isa = XCConfigurationList;
			buildConfigurations = (
				71EC528028E3E6980099F0C8 /* Debug */,
				71EC528128E3E6980099F0C8 /* Release */,
			);
			defaultConfigurationIsVisible = 0;
			defaultConfigurationName = Release;
		};
		71EC528228E3E6980099F0C8 /* Build configuration list for PBXNativeTarget "lab4Tests" */ = {
			isa = XCConfigurationList;
			buildConfigurations = (
				71EC528328E3E6980099F0C8 /* Debug */,
				71EC528428E3E6980099F0C8 /* Release */,
			);
			defaultConfigurationIsVisible = 0;
			defaultConfigurationName = Release;
		};
		71EC528528E3E6980099F0C8 /* Build configuration list for PBXNativeTarget "lab4UITests" */ = {
			isa = XCConfigurationList;
			buildConfigurations = (
				71EC528628E3E6980099F0C8 /* Debug */,
				71EC528728E3E6980099F0C8 /* Release */,
			);
			defaultConfigurationIsVisible = 0;
			defaultConfigurationName = Release;
		};
/* End XCConfigurationList section */
	};
	rootObject = 71EC525328E3E6970099F0C8 /* Project object */;
}
